
Microsoft Visual Studio Solution File, Format Version 12.00
# Visual Studio Version 17
VisualStudioVersion = 17.2.32526.322
MinimumVisualStudioVersion = 10.0.40219.1
Project("{FAE04EC0-301F-11D3-BF4B-00C04F79EFBC}") = "ConceptsCSharp_And_ASPNetCore", "ConceptsCSharp_And_ASPNetCore\ConceptsCSharp_And_ASPNetCore.csproj", "{B7FB9E53-AD1D-40DE-AA74-BB1B8B0E760E}"
EndProject
Global
	GlobalSection(SolutionConfigurationPlatforms) = preSolution
		Debug|Any CPU = Debug|Any CPU
		Release|Any CPU = Release|Any CPU
	EndGlobalSection
	GlobalSection(ProjectConfigurationPlatforms) = postSolution
		{B7FB9E53-AD1D-40DE-AA74-BB1B8B0E760E}.Debug|Any CPU.ActiveCfg = Debug|Any CPU
		{B7FB9E53-AD1D-40DE-AA74-BB1B8B0E760E}.Debug|Any CPU.Build.0 = Debug|Any CPU
		{B7FB9E53-AD1D-40DE-AA74-BB1B8B0E760E}.Release|Any CPU.ActiveCfg = Release|Any CPU
		{B7FB9E53-AD1D-40DE-AA74-BB1B8B0E760E}.Release|Any CPU.Build.0 = Release|Any CPU
	EndGlobalSection
	GlobalSection(SolutionProperties) = preSolution
		HideSolutionNode = FALSE
	EndGlobalSection
	GlobalSection(ExtensibilityGlobals) = postSolution
		SolutionGuid = {C1D9F746-A4E0-4CA7-9782-4D09AB96AC6C}
	EndGlobalSection
EndGlobal
